
Microsoft Visual Studio Solution File, Format Version 12.00
# Visual Studio Version 17
VisualStudioVersion = 17.4.33205.214
MinimumVisualStudioVersion = 10.0.40219.1
Project("{FAE04EC0-301F-11D3-BF4B-00C04F79EFBC}") = "AngularProject", "AngularProject\AngularProject.csproj", "{DA334174-F307-424E-A683-015EA48B32DF}"
EndProject
Global
	GlobalSection(SolutionConfigurationPlatforms) = preSolution
		Debug|Any CPU = Debug|Any CPU
		Release|Any CPU = Release|Any CPU
	EndGlobalSection
	GlobalSection(ProjectConfigurationPlatforms) = postSolution
		{DA334174-F307-424E-A683-015EA48B32DF}.Debug|Any CPU.ActiveCfg = Debug|Any CPU
		{DA334174-F307-424E-A683-015EA48B32DF}.Debug|Any CPU.Build.0 = Debug|Any CPU
		{DA334174-F307-424E-A683-015EA48B32DF}.Release|Any CPU.ActiveCfg = Release|Any CPU
		{DA334174-F307-424E-A683-015EA48B32DF}.Release|Any CPU.Build.0 = Release|Any CPU
	EndGlobalSection
	GlobalSection(SolutionProperties) = preSolution
		HideSolutionNode = FALSE
	EndGlobalSection
	GlobalSection(ExtensibilityGlobals) = postSolution
		SolutionGuid = {43549483-544C-4107-88DE-06A7D16A8E58}
	EndGlobalSection
EndGlobal
